// !$*UTF8*$!
{
	archiveVersion = 1;
	classes = {
	};
	objectVersion = 50;
	objects = {

/* Begin PBXBuildFile section */
		4B7DEE3599F40A9076116EFE /* Pods_20190211_NA_NYCSchoolsTests.framework in Frameworks */ = {isa = PBXBuildFile; fileRef = 9EB041D4C30E0FBD64F99394 /* Pods_20190211_NA_NYCSchoolsTests.framework */; };
		50E8BD84AD985BD9A7FBB270 /* Pods_20190211_NA_NYCSchoolsUITests.framework in Frameworks */ = {isa = PBXBuildFile; fileRef = 9713E76B3A094932B661C46F /* Pods_20190211_NA_NYCSchoolsUITests.framework */; };
		A24402DF221E66AA00AF210A /* AppDelegate.swift in Sources */ = {isa = PBXBuildFile; fileRef = A24402DE221E66AA00AF210A /* AppDelegate.swift */; };
		A24402E6221E66AC00AF210A /* Assets.xcassets in Resources */ = {isa = PBXBuildFile; fileRef = A24402E5221E66AC00AF210A /* Assets.xcassets */; };
		A24402F4221E66AD00AF210A /* _0190211_NA_NYCSchoolsTests.swift in Sources */ = {isa = PBXBuildFile; fileRef = A24402F3221E66AD00AF210A /* _0190211_NA_NYCSchoolsTests.swift */; };
		A24402FF221E66AD00AF210A /* _0190211_NA_NYCSchoolsUITests.swift in Sources */ = {isa = PBXBuildFile; fileRef = A24402FE221E66AD00AF210A /* _0190211_NA_NYCSchoolsUITests.swift */; };
		A2440310221E670400AF210A /* ScoreViewController.swift in Sources */ = {isa = PBXBuildFile; fileRef = A244030C221E670400AF210A /* ScoreViewController.swift */; };
		A2440312221E670400AF210A /* SchoolViewController.swift in Sources */ = {isa = PBXBuildFile; fileRef = A244030E221E670400AF210A /* SchoolViewController.swift */; };
		A26957BC2220782500B4774A /* Main.storyboard in Resources */ = {isa = PBXBuildFile; fileRef = A26957BB2220782400B4774A /* Main.storyboard */; };
		A26957BE2220782B00B4774A /* LaunchScreen.storyboard in Resources */ = {isa = PBXBuildFile; fileRef = A26957BD2220782B00B4774A /* LaunchScreen.storyboard */; };
		A26957C02220783300B4774A /* ReachabilityManager.swift in Sources */ = {isa = PBXBuildFile; fileRef = A26957BF2220783300B4774A /* ReachabilityManager.swift */; };
		A26957C62220789F00B4774A /* NetworkErrorViewCell.swift in Sources */ = {isa = PBXBuildFile; fileRef = A26957C52220789F00B4774A /* NetworkErrorViewCell.swift */; };
		A26957C8222078FE00B4774A /* SchoolViewCell.swift in Sources */ = {isa = PBXBuildFile; fileRef = A26957C7222078FE00B4774A /* SchoolViewCell.swift */; };
		A26957CA2220793400B4774A /* NetworkErrorViewCell.xib in Resources */ = {isa = PBXBuildFile; fileRef = A26957C92220793400B4774A /* NetworkErrorViewCell.xib */; };
		CE6DF0339B4AE3F49B02859C /* Pods_20190211_NA_NYCSchools.framework in Frameworks */ = {isa = PBXBuildFile; fileRef = C66BE9AEA263B55FAE204AB7 /* Pods_20190211_NA_NYCSchools.framework */; };
/* End PBXBuildFile section */

/* Begin PBXContainerItemProxy section */
		A24402F0221E66AC00AF210A /* PBXContainerItemProxy */ = {
			isa = PBXContainerItemProxy;
			containerPortal = A24402D3221E66AA00AF210A /* Project object */;
			proxyType = 1;
			remoteGlobalIDString = A24402DA221E66AA00AF210A;
			remoteInfo = "20190211-NA-NYCSchools";
		};
		A24402FB221E66AD00AF210A /* PBXContainerItemProxy */ = {
			isa = PBXContainerItemProxy;
			containerPortal = A24402D3221E66AA00AF210A /* Project object */;
			proxyType = 1;
			remoteGlobalIDString = A24402DA221E66AA00AF210A;
			remoteInfo = "20190211-NA-NYCSchools";
		};
/* End PBXContainerItemProxy section */

/* Begin PBXFileReference section */
		3F5BAB79686C9480F23FB0A0 /* Pods-20190211-NA-NYCSchoolsTests.debug.xcconfig */ = {isa = PBXFileReference; includeInIndex = 1; lastKnownFileType = text.xcconfig; name = "Pods-20190211-NA-NYCSchoolsTests.debug.xcconfig"; path = "Pods/Target Support Files/Pods-20190211-NA-NYCSchoolsTests/Pods-20190211-NA-NYCSchoolsTests.debug.xcconfig"; sourceTree = "<group>"; };
		615BAB343B173E89AA28E35A /* Pods-20190211-NA-NYCSchoolsUITests.debug.xcconfig */ = {isa = PBXFileReference; includeInIndex = 1; lastKnownFileType = text.xcconfig; name = "Pods-20190211-NA-NYCSchoolsUITests.debug.xcconfig"; path = "Pods/Target Support Files/Pods-20190211-NA-NYCSchoolsUITests/Pods-20190211-NA-NYCSchoolsUITests.debug.xcconfig"; sourceTree = "<group>"; };
		6867CC3271496C47D39A92F7 /* Pods-20190211-NA-NYCSchools.debug.xcconfig */ = {isa = PBXFileReference; includeInIndex = 1; lastKnownFileType = text.xcconfig; name = "Pods-20190211-NA-NYCSchools.debug.xcconfig"; path = "Pods/Target Support Files/Pods-20190211-NA-NYCSchools/Pods-20190211-NA-NYCSchools.debug.xcconfig"; sourceTree = "<group>"; };
		7053C8CF4ABB921B14DACCE8 /* Pods-20190211-NA-NYCSchoolsTests.release.xcconfig */ = {isa = PBXFileReference; includeInIndex = 1; lastKnownFileType = text.xcconfig; name = "Pods-20190211-NA-NYCSchoolsTests.release.xcconfig"; path = "Pods/Target Support Files/Pods-20190211-NA-NYCSchoolsTests/Pods-20190211-NA-NYCSchoolsTests.release.xcconfig"; sourceTree = "<group>"; };
		93ABBDDD00EC126C3AB65A82 /* Pods-20190211-NA-NYCSchoolsUITests.release.xcconfig */ = {isa = PBXFileReference; includeInIndex = 1; lastKnownFileType = text.xcconfig; name = "Pods-20190211-NA-NYCSchoolsUITests.release.xcconfig"; path = "Pods/Target Support Files/Pods-20190211-NA-NYCSchoolsUITests/Pods-20190211-NA-NYCSchoolsUITests.release.xcconfig"; sourceTree = "<group>"; };
		9713E76B3A094932B661C46F /* Pods_20190211_NA_NYCSchoolsUITests.framework */ = {isa = PBXFileReference; explicitFileType = wrapper.framework; includeInIndex = 0; path = Pods_20190211_NA_NYCSchoolsUITests.framework; sourceTree = BUILT_PRODUCTS_DIR; };
		9EB041D4C30E0FBD64F99394 /* Pods_20190211_NA_NYCSchoolsTests.framework */ = {isa = PBXFileReference; explicitFileType = wrapper.framework; includeInIndex = 0; path = Pods_20190211_NA_NYCSchoolsTests.framework; sourceTree = BUILT_PRODUCTS_DIR; };
		A24402DB221E66AA00AF210A /* 20190211-NA-NYCSchools.app */ = {isa = PBXFileReference; explicitFileType = wrapper.application; includeInIndex = 0; path = "20190211-NA-NYCSchools.app"; sourceTree = BUILT_PRODUCTS_DIR; };
		A24402DE221E66AA00AF210A /* AppDelegate.swift */ = {isa = PBXFileReference; lastKnownFileType = sourcecode.swift; path = AppDelegate.swift; sourceTree = "<group>"; };
		A24402E5221E66AC00AF210A /* Assets.xcassets */ = {isa = PBXFileReference; lastKnownFileType = folder.assetcatalog; path = Assets.xcassets; sourceTree = "<group>"; };
		A24402EA221E66AC00AF210A /* Info.plist */ = {isa = PBXFileReference; lastKnownFileType = text.plist.xml; path = Info.plist; sourceTree = "<group>"; };
		A24402EF221E66AC00AF210A /* 20190211-NA-NYCSchoolsTests.xctest */ = {isa = PBXFileReference; explicitFileType = wrapper.cfbundle; includeInIndex = 0; path = "20190211-NA-NYCSchoolsTests.xctest"; sourceTree = BUILT_PRODUCTS_DIR; };
		A24402F3221E66AD00AF210A /* _0190211_NA_NYCSchoolsTests.swift */ = {isa = PBXFileReference; lastKnownFileType = sourcecode.swift; path = _0190211_NA_NYCSchoolsTests.swift; sourceTree = "<group>"; };
		A24402F5221E66AD00AF210A /* Info.plist */ = {isa = PBXFileReference; lastKnownFileType = text.plist.xml; path = Info.plist; sourceTree = "<group>"; };
		A24402FA221E66AD00AF210A /* 20190211-NA-NYCSchoolsUITests.xctest */ = {isa = PBXFileReference; explicitFileType = wrapper.cfbundle; includeInIndex = 0; path = "20190211-NA-NYCSchoolsUITests.xctest"; sourceTree = BUILT_PRODUCTS_DIR; };
		A24402FE221E66AD00AF210A /* _0190211_NA_NYCSchoolsUITests.swift */ = {isa = PBXFileReference; lastKnownFileType = sourcecode.swift; path = _0190211_NA_NYCSchoolsUITests.swift; sourceTree = "<group>"; };
		A2440300221E66AD00AF210A /* Info.plist */ = {isa = PBXFileReference; lastKnownFileType = text.plist.xml; path = Info.plist; sourceTree = "<group>"; };
		A244030C221E670400AF210A /* ScoreViewController.swift */ = {isa = PBXFileReference; fileEncoding = 4; lastKnownFileType = sourcecode.swift; path = ScoreViewController.swift; sourceTree = "<group>"; };
		A244030E221E670400AF210A /* SchoolViewController.swift */ = {isa = PBXFileReference; fileEncoding = 4; lastKnownFileType = sourcecode.swift; path = SchoolViewController.swift; sourceTree = "<group>"; };
		A26957BB2220782400B4774A /* Main.storyboard */ = {isa = PBXFileReference; fileEncoding = 4; lastKnownFileType = file.storyboard; path = Main.storyboard; sourceTree = "<group>"; };
		A26957BD2220782B00B4774A /* LaunchScreen.storyboard */ = {isa = PBXFileReference; fileEncoding = 4; lastKnownFileType = file.storyboard; path = LaunchScreen.storyboard; sourceTree = "<group>"; };
		A26957BF2220783300B4774A /* ReachabilityManager.swift */ = {isa = PBXFileReference; fileEncoding = 4; lastKnownFileType = sourcecode.swift; path = ReachabilityManager.swift; sourceTree = "<group>"; };
		A26957C52220789F00B4774A /* NetworkErrorViewCell.swift */ = {isa = PBXFileReference; fileEncoding = 4; lastKnownFileType = sourcecode.swift; path = NetworkErrorViewCell.swift; sourceTree = "<group>"; };
		A26957C7222078FE00B4774A /* SchoolViewCell.swift */ = {isa = PBXFileReference; fileEncoding = 4; lastKnownFileType = sourcecode.swift; path = SchoolViewCell.swift; sourceTree = "<group>"; };
		A26957C92220793400B4774A /* NetworkErrorViewCell.xib */ = {isa = PBXFileReference; fileEncoding = 4; lastKnownFileType = file.xib; path = NetworkErrorViewCell.xib; sourceTree = "<group>"; };
		C66BE9AEA263B55FAE204AB7 /* Pods_20190211_NA_NYCSchools.framework */ = {isa = PBXFileReference; explicitFileType = wrapper.framework; includeInIndex = 0; path = Pods_20190211_NA_NYCSchools.framework; sourceTree = BUILT_PRODUCTS_DIR; };
		D5E2D23C882F6C11578A22C3 /* Pods-20190211-NA-NYCSchools.release.xcconfig */ = {isa = PBXFileReference; includeInIndex = 1; lastKnownFileType = text.xcconfig; name = "Pods-20190211-NA-NYCSchools.release.xcconfig"; path = "Pods/Target Support Files/Pods-20190211-NA-NYCSchools/Pods-20190211-NA-NYCSchools.release.xcconfig"; sourceTree = "<group>"; };
/* End PBXFileReference section */

/* Begin PBXFrameworksBuildPhase section */
		A24402D8221E66AA00AF210A /* Frameworks */ = {
			isa = PBXFrameworksBuildPhase;
			buildActionMask = 2147483647;
			files = (
				CE6DF0339B4AE3F49B02859C /* Pods_20190211_NA_NYCSchools.framework in Frameworks */,
			);
			runOnlyForDeploymentPostprocessing = 0;
		};
		A24402EC221E66AC00AF210A /* Frameworks */ = {
			isa = PBXFrameworksBuildPhase;
			buildActionMask = 2147483647;
			files = (
				4B7DEE3599F40A9076116EFE /* Pods_20190211_NA_NYCSchoolsTests.framework in Frameworks */,
			);
			runOnlyForDeploymentPostprocessing = 0;
		};
		A24402F7221E66AD00AF210A /* Frameworks */ = {
			isa = PBXFrameworksBuildPhase;
			buildActionMask = 2147483647;
			files = (
				50E8BD84AD985BD9A7FBB270 /* Pods_20190211_NA_NYCSchoolsUITests.framework in Frameworks */,
			);
			runOnlyForDeploymentPostprocessing = 0;
		};
/* End PBXFrameworksBuildPhase section */

/* Begin PBXGroup section */
		A2436394221E7D3C0061792F /* View */ = {
			isa = PBXGroup;
			children = (
				A26957C7222078FE00B4774A /* SchoolViewCell.swift */,
				A26957BD2220782B00B4774A /* LaunchScreen.storyboard */,
				A26957BB2220782400B4774A /* Main.storyboard */,
				A26957C92220793400B4774A /* NetworkErrorViewCell.xib */,
				A26957C52220789F00B4774A /* NetworkErrorViewCell.swift */,
			);
			path = View;
			sourceTree = "<group>";
		};
		A2436395221E7D630061792F /* ViewController */ = {
			isa = PBXGroup;
			children = (
				A244030E221E670400AF210A /* SchoolViewController.swift */,
				A244030C221E670400AF210A /* ScoreViewController.swift */,
			);
			path = ViewController;
			sourceTree = "<group>";
		};
		A24402D2221E66AA00AF210A = {
			isa = PBXGroup;
			children = (
				A24402DD221E66AA00AF210A /* 20190211-NA-NYCSchools */,
				A24402F2221E66AD00AF210A /* 20190211-NA-NYCSchoolsTests */,
				A24402FD221E66AD00AF210A /* 20190211-NA-NYCSchoolsUITests */,
				A24402DC221E66AA00AF210A /* Products */,
				DA91A964A41EF0E15B1B72A4 /* Pods */,
				D34506BBFF4F122294B1CE72 /* Frameworks */,
			);
			sourceTree = "<group>";
		};
		A24402DC221E66AA00AF210A /* Products */ = {
			isa = PBXGroup;
			children = (
				A24402DB221E66AA00AF210A /* 20190211-NA-NYCSchools.app */,
				A24402EF221E66AC00AF210A /* 20190211-NA-NYCSchoolsTests.xctest */,
				A24402FA221E66AD00AF210A /* 20190211-NA-NYCSchoolsUITests.xctest */,
			);
			name = Products;
			sourceTree = "<group>";
		};
		A24402DD221E66AA00AF210A /* 20190211-NA-NYCSchools */ = {
			isa = PBXGroup;
			children = (
				A26957BF2220783300B4774A /* ReachabilityManager.swift */,
				A26957AA2220731700B4774A /* Network */,
				A2436395221E7D630061792F /* ViewController */,
				A2436394221E7D3C0061792F /* View */,
				A24402DE221E66AA00AF210A /* AppDelegate.swift */,
				A24402E5221E66AC00AF210A /* Assets.xcassets */,
				A24402EA221E66AC00AF210A /* Info.plist */,
			);
			path = "20190211-NA-NYCSchools";
			sourceTree = "<group>";
		};
		A24402F2221E66AD00AF210A /* 20190211-NA-NYCSchoolsTests */ = {
			isa = PBXGroup;
			children = (
				A24402F3221E66AD00AF210A /* _0190211_NA_NYCSchoolsTests.swift */,
				A24402F5221E66AD00AF210A /* Info.plist */,
			);
			path = "20190211-NA-NYCSchoolsTests";
			sourceTree = "<group>";
		};
		A24402FD221E66AD00AF210A /* 20190211-NA-NYCSchoolsUITests */ = {
			isa = PBXGroup;
			children = (
				A24402FE221E66AD00AF210A /* _0190211_NA_NYCSchoolsUITests.swift */,
				A2440300221E66AD00AF210A /* Info.plist */,
			);
			path = "20190211-NA-NYCSchoolsUITests";
			sourceTree = "<group>";
		};
		A26957AA2220731700B4774A /* Network */ = {
			isa = PBXGroup;
			children = (
			);
			path = Network;
			sourceTree = "<group>";
		};
		D34506BBFF4F122294B1CE72 /* Frameworks */ = {
			isa = PBXGroup;
			children = (
				C66BE9AEA263B55FAE204AB7 /* Pods_20190211_NA_NYCSchools.framework */,
				9EB041D4C30E0FBD64F99394 /* Pods_20190211_NA_NYCSchoolsTests.framework */,
				9713E76B3A094932B661C46F /* Pods_20190211_NA_NYCSchoolsUITests.framework */,
			);
			name = Frameworks;
			sourceTree = "<group>";
		};
		DA91A964A41EF0E15B1B72A4 /* Pods */ = {
			isa = PBXGroup;
			children = (
				6867CC3271496C47D39A92F7 /* Pods-20190211-NA-NYCSchools.debug.xcconfig */,
				D5E2D23C882F6C11578A22C3 /* Pods-20190211-NA-NYCSchools.release.xcconfig */,
				3F5BAB79686C9480F23FB0A0 /* Pods-20190211-NA-NYCSchoolsTests.debug.xcconfig */,
				7053C8CF4ABB921B14DACCE8 /* Pods-20190211-NA-NYCSchoolsTests.release.xcconfig */,
				615BAB343B173E89AA28E35A /* Pods-20190211-NA-NYCSchoolsUITests.debug.xcconfig */,
				93ABBDDD00EC126C3AB65A82 /* Pods-20190211-NA-NYCSchoolsUITests.release.xcconfig */,
			);
			name = Pods;
			sourceTree = "<group>";
		};
/* End PBXGroup section */

/* Begin PBXNativeTarget section */
		A24402DA221E66AA00AF210A /* 20190211-NA-NYCSchools */ = {
			isa = PBXNativeTarget;
			buildConfigurationList = A2440303221E66AD00AF210A /* Build configuration list for PBXNativeTarget "20190211-NA-NYCSchools" */;
			buildPhases = (
				BE31C4406BA6AE32FB4750E3 /* [CP] Check Pods Manifest.lock */,
				A24402D7221E66AA00AF210A /* Sources */,
				A24402D8221E66AA00AF210A /* Frameworks */,
				A24402D9221E66AA00AF210A /* Resources */,
				537637B46AC3E2989D49E379 /* [CP] Embed Pods Frameworks */,
			);
			buildRules = (
			);
			dependencies = (
			);
			name = "20190211-NA-NYCSchools";
			productName = "20190211-NA-NYCSchools";
			productReference = A24402DB221E66AA00AF210A /* 20190211-NA-NYCSchools.app */;
			productType = "com.apple.product-type.application";
		};
		A24402EE221E66AC00AF210A /* 20190211-NA-NYCSchoolsTests */ = {
			isa = PBXNativeTarget;
			buildConfigurationList = A2440306221E66AD00AF210A /* Build configuration list for PBXNativeTarget "20190211-NA-NYCSchoolsTests" */;
			buildPhases = (
				9E916F795AA36AF356E293B8 /* [CP] Check Pods Manifest.lock */,
				A24402EB221E66AC00AF210A /* Sources */,
				A24402EC221E66AC00AF210A /* Frameworks */,
				A24402ED221E66AC00AF210A /* Resources */,
			);
			buildRules = (
			);
			dependencies = (
				A24402F1221E66AC00AF210A /* PBXTargetDependency */,
			);
			name = "20190211-NA-NYCSchoolsTests";
			productName = "20190211-NA-NYCSchoolsTests";
			productReference = A24402EF221E66AC00AF210A /* 20190211-NA-NYCSchoolsTests.xctest */;
			productType = "com.apple.product-type.bundle.unit-test";
		};
		A24402F9221E66AD00AF210A /* 20190211-NA-NYCSchoolsUITests */ = {
			isa = PBXNativeTarget;
			buildConfigurationList = A2440309221E66AD00AF210A /* Build configuration list for PBXNativeTarget "20190211-NA-NYCSchoolsUITests" */;
			buildPhases = (
				1289761B0661754B3E3FF3C7 /* [CP] Check Pods Manifest.lock */,
				A24402F6221E66AD00AF210A /* Sources */,
				A24402F7221E66AD00AF210A /* Frameworks */,
				A24402F8221E66AD00AF210A /* Resources */,
			);
			buildRules = (
			);
			dependencies = (
				A24402FC221E66AD00AF210A /* PBXTargetDependency */,
			);
			name = "20190211-NA-NYCSchoolsUITests";
			productName = "20190211-NA-NYCSchoolsUITests";
			productReference = A24402FA221E66AD00AF210A /* 20190211-NA-NYCSchoolsUITests.xctest */;
			productType = "com.apple.product-type.bundle.ui-testing";
		};
/* End PBXNativeTarget section */

/* Begin PBXProject section */
		A24402D3221E66AA00AF210A /* Project object */ = {
			isa = PBXProject;
			attributes = {
				LastSwiftUpdateCheck = 0930;
				LastUpgradeCheck = 0930;
				ORGANIZATIONNAME = "Nethrah Ayyaswami";
				TargetAttributes = {
					A24402DA221E66AA00AF210A = {
						CreatedOnToolsVersion = 9.3;
					};
					A24402EE221E66AC00AF210A = {
						CreatedOnToolsVersion = 9.3;
						TestTargetID = A24402DA221E66AA00AF210A;
					};
					A24402F9221E66AD00AF210A = {
						CreatedOnToolsVersion = 9.3;
						TestTargetID = A24402DA221E66AA00AF210A;
					};
				};
			};
			buildConfigurationList = A24402D6221E66AA00AF210A /* Build configuration list for PBXProject "20190211-NA-NYCSchools" */;
			compatibilityVersion = "Xcode 9.3";
			developmentRegion = en;
			hasScannedForEncodings = 0;
			knownRegions = (
				en,
				Base,
			);
			mainGroup = A24402D2221E66AA00AF210A;
			productRefGroup = A24402DC221E66AA00AF210A /* Products */;
			projectDirPath = "";
			projectRoot = "";
			targets = (
				A24402DA221E66AA00AF210A /* 20190211-NA-NYCSchools */,
				A24402EE221E66AC00AF210A /* 20190211-NA-NYCSchoolsTests */,
				A24402F9221E66AD00AF210A /* 20190211-NA-NYCSchoolsUITests */,
			);
		};
/* End PBXProject section */

/* Begin PBXResourcesBuildPhase section */
		A24402D9221E66AA00AF210A /* Resources */ = {
			isa = PBXResourcesBuildPhase;
			buildActionMask = 2147483647;
			files = (
				A26957BE2220782B00B4774A /* LaunchScreen.storyboard in Resources */,
				A26957BC2220782500B4774A /* Main.storyboard in Resources */,
				A24402E6221E66AC00AF210A /* Assets.xcassets in Resources */,
				A26957CA2220793400B4774A /* NetworkErrorViewCell.xib in Resources */,
			);
			runOnlyForDeploymentPostprocessing = 0;
		};
		A24402ED221E66AC00AF210A /* Resources */ = {
			isa = PBXResourcesBuildPhase;
			buildActionMask = 2147483647;
			files = (
			);
			runOnlyForDeploymentPostprocessing = 0;
		};
		A24402F8221E66AD00AF210A /* Resources */ = {
			isa = PBXResourcesBuildPhase;
			buildActionMask = 2147483647;
			files = (
			);
			runOnlyForDeploymentPostprocessing = 0;
		};
/* End PBXResourcesBuildPhase section */

/* Begin PBXShellScriptBuildPhase section */
		1289761B0661754B3E3FF3C7 /* [CP] Check Pods Manifest.lock */ = {
			isa = PBXShellScriptBuildPhase;
			buildActionMask = 2147483647;
			files = (
			);
			inputPaths = (
				"${PODS_PODFILE_DIR_PATH}/Podfile.lock",
				"${PODS_ROOT}/Manifest.lock",
			);
			name = "[CP] Check Pods Manifest.lock";
			outputPaths = (
				"$(DERIVED_FILE_DIR)/Pods-20190211-NA-NYCSchoolsUITests-checkManifestLockResult.txt",
			);
			runOnlyForDeploymentPostprocessing = 0;
			shellPath = /bin/sh;
			shellScript = "diff \"${PODS_PODFILE_DIR_PATH}/Podfile.lock\" \"${PODS_ROOT}/Manifest.lock\" > /dev/null\nif [ $? != 0 ] ; then\n    # print error to STDERR\n    echo \"error: The sandbox is not in sync with the Podfile.lock. Run 'pod install' or update your CocoaPods installation.\" >&2\n    exit 1\nfi\n# This output is used by Xcode 'outputs' to avoid re-running this script phase.\necho \"SUCCESS\" > \"${SCRIPT_OUTPUT_FILE_0}\"\n";
			showEnvVarsInLog = 0;
		};
		537637B46AC3E2989D49E379 /* [CP] Embed Pods Frameworks */ = {
			isa = PBXShellScriptBuildPhase;
			buildActionMask = 2147483647;
			files = (
			);
			inputPaths = (
				"${SRCROOT}/Pods/Target Support Files/Pods-20190211-NA-NYCSchools/Pods-20190211-NA-NYCSchools-frameworks.sh",
				"${BUILT_PRODUCTS_DIR}/ReachabilitySwift/ReachabilitySwift.framework",
			);
			name = "[CP] Embed Pods Frameworks";
			outputPaths = (
				"${TARGET_BUILD_DIR}/${FRAMEWORKS_FOLDER_PATH}/ReachabilitySwift.framework",
			);
			runOnlyForDeploymentPostprocessing = 0;
			shellPath = /bin/sh;
			shellScript = "\"${SRCROOT}/Pods/Target Support Files/Pods-20190211-NA-NYCSchools/Pods-20190211-NA-NYCSchools-frameworks.sh\"\n";
			showEnvVarsInLog = 0;
		};
		9E916F795AA36AF356E293B8 /* [CP] Check Pods Manifest.lock */ = {
			isa = PBXShellScriptBuildPhase;
			buildActionMask = 2147483647;
			files = (
			);
			inputPaths = (
				"${PODS_PODFILE_DIR_PATH}/Podfile.lock",
				"${PODS_ROOT}/Manifest.lock",
			);
			name = "[CP] Check Pods Manifest.lock";
			outputPaths = (
				"$(DERIVED_FILE_DIR)/Pods-20190211-NA-NYCSchoolsTests-checkManifestLockResult.txt",
			);
			runOnlyForDeploymentPostprocessing = 0;
			shellPath = /bin/sh;
			shellScript = "diff \"${PODS_PODFILE_DIR_PATH}/Podfile.lock\" \"${PODS_ROOT}/Manifest.lock\" > /dev/null\nif [ $? != 0 ] ; then\n    # print error to STDERR\n    echo \"error: The sandbox is not in sync with the Podfile.lock. Run 'pod install' or update your CocoaPods installation.\" >&2\n    exit 1\nfi\n# This output is used by Xcode 'outputs' to avoid re-running this script phase.\necho \"SUCCESS\" > \"${SCRIPT_OUTPUT_FILE_0}\"\n";
			showEnvVarsInLog = 0;
		};
		BE31C4406BA6AE32FB4750E3 /* [CP] Check Pods Manifest.lock */ = {
			isa = PBXShellScriptBuildPhase;
			buildActionMask = 2147483647;
			files = (
			);
			inputPaths = (
				"${PODS_PODFILE_DIR_PATH}/Podfile.lock",
				"${PODS_ROOT}/Manifest.lock",
			);
			name = "[CP] Check Pods Manifest.lock";
			outputPaths = (
				"$(DERIVED_FILE_DIR)/Pods-20190211-NA-NYCSchools-checkManifestLockResult.txt",
			);
			runOnlyForDeploymentPostprocessing = 0;
			shellPath = /bin/sh;
			shellScript = "diff \"${PODS_PODFILE_DIR_PATH}/Podfile.lock\" \"${PODS_ROOT}/Manifest.lock\" > /dev/null\nif [ $? != 0 ] ; then\n    # print error to STDERR\n    echo \"error: The sandbox is not in sync with the Podfile.lock. Run 'pod install' or update your CocoaPods installation.\" >&2\n    exit 1\nfi\n# This output is used by Xcode 'outputs' to avoid re-running this script phase.\necho \"SUCCESS\" > \"${SCRIPT_OUTPUT_FILE_0}\"\n";
			showEnvVarsInLog = 0;
		};
/* End PBXShellScriptBuildPhase section */

/* Begin PBXSourcesBuildPhase section */
		A24402D7221E66AA00AF210A /* Sources */ = {
			isa = PBXSourcesBuildPhase;
			buildActionMask = 2147483647;
			files = (
				A2440312221E670400AF210A /* SchoolViewController.swift in Sources */,
				A26957C62220789F00B4774A /* NetworkErrorViewCell.swift in Sources */,
				A24402DF221E66AA00AF210A /* AppDelegate.swift in Sources */,
				A26957C02220783300B4774A /* ReachabilityManager.swift in Sources */,
				A2440310221E670400AF210A /* ScoreViewController.swift in Sources */,
				A26957C8222078FE00B4774A /* SchoolViewCell.swift in Sources */,
			);
			runOnlyForDeploymentPostprocessing = 0;
		};
		A24402EB221E66AC00AF210A /* Sources */ = {
			isa = PBXSourcesBuildPhase;
			buildActionMask = 2147483647;
			files = (
				A24402F4221E66AD00AF210A /* _0190211_NA_NYCSchoolsTests.swift in Sources */,
			);
			runOnlyForDeploymentPostprocessing = 0;
		};
		A24402F6221E66AD00AF210A /* Sources */ = {
			isa = PBXSourcesBuildPhase;
			buildActionMask = 2147483647;
			files = (
				A24402FF221E66AD00AF210A /* _0190211_NA_NYCSchoolsUITests.swift in Sources */,
			);
			runOnlyForDeploymentPostprocessing = 0;
		};
/* End PBXSourcesBuildPhase section */

/* Begin PBXTargetDependency section */
		A24402F1221E66AC00AF210A /* PBXTargetDependency */ = {
			isa = PBXTargetDependency;
			target = A24402DA221E66AA00AF210A /* 20190211-NA-NYCSchools */;
			targetProxy = A24402F0221E66AC00AF210A /* PBXContainerItemProxy */;
		};
		A24402FC221E66AD00AF210A /* PBXTargetDependency */ = {
			isa = PBXTargetDependency;
			target = A24402DA221E66AA00AF210A /* 20190211-NA-NYCSchools */;
			targetProxy = A24402FB221E66AD00AF210A /* PBXContainerItemProxy */;
		};
/* End PBXTargetDependency section */

/* Begin XCBuildConfiguration section */
		A2440301221E66AD00AF210A /* Debug */ = {
			isa = XCBuildConfiguration;
			buildSettings = {
				ALWAYS_SEARCH_USER_PATHS = NO;
				CLANG_ANALYZER_NONNULL = YES;
				CLANG_ANALYZER_NUMBER_OBJECT_CONVERSION = YES_AGGRESSIVE;
				CLANG_CXX_LANGUAGE_STANDARD = "gnu++14";
				CLANG_CXX_LIBRARY = "libc++";
				CLANG_ENABLE_MODULES = YES;
				CLANG_ENABLE_OBJC_ARC = YES;
				CLANG_ENABLE_OBJC_WEAK = YES;
				CLANG_WARN_BLOCK_CAPTURE_AUTORELEASING = YES;
				CLANG_WARN_BOOL_CONVERSION = YES;
				CLANG_WARN_COMMA = YES;
				CLANG_WARN_CONSTANT_CONVERSION = YES;
				CLANG_WARN_DEPRECATED_OBJC_IMPLEMENTATIONS = YES;
				CLANG_WARN_DIRECT_OBJC_ISA_USAGE = YES_ERROR;
				CLANG_WARN_DOCUMENTATION_COMMENTS = YES;
				CLANG_WARN_EMPTY_BODY = YES;
				CLANG_WARN_ENUM_CONVERSION = YES;
				CLANG_WARN_INFINITE_RECURSION = YES;
				CLANG_WARN_INT_CONVERSION = YES;
				CLANG_WARN_NON_LITERAL_NULL_CONVERSION = YES;
				CLANG_WARN_OBJC_IMPLICIT_RETAIN_SELF = YES;
				CLANG_WARN_OBJC_LITERAL_CONVERSION = YES;
				CLANG_WARN_OBJC_ROOT_CLASS = YES_ERROR;
				CLANG_WARN_RANGE_LOOP_ANALYSIS = YES;
				CLANG_WARN_STRICT_PROTOTYPES = YES;
				CLANG_WARN_SUSPICIOUS_MOVE = YES;
				CLANG_WARN_UNGUARDED_AVAILABILITY = YES_AGGRESSIVE;
				CLANG_WARN_UNREACHABLE_CODE = YES;
				CLANG_WARN__DUPLICATE_METHOD_MATCH = YES;
				CODE_SIGN_IDENTITY = "iPhone Developer";
				COPY_PHASE_STRIP = NO;
				DEBUG_INFORMATION_FORMAT = dwarf;
				ENABLE_STRICT_OBJC_MSGSEND = YES;
				ENABLE_TESTABILITY = YES;
				GCC_C_LANGUAGE_STANDARD = gnu11;
				GCC_DYNAMIC_NO_PIC = NO;
				GCC_NO_COMMON_BLOCKS = YES;
				GCC_OPTIMIZATION_LEVEL = 0;
				GCC_PREPROCESSOR_DEFINITIONS = (
					"DEBUG=1",
					"$(inherited)",
				);
				GCC_WARN_64_TO_32_BIT_CONVERSION = YES;
				GCC_WARN_ABOUT_RETURN_TYPE = YES_ERROR;
				GCC_WARN_UNDECLARED_SELECTOR = YES;
				GCC_WARN_UNINITIALIZED_AUTOS = YES_AGGRESSIVE;
				GCC_WARN_UNUSED_FUNCTION = YES;
				GCC_WARN_UNUSED_VARIABLE = YES;
				IPHONEOS_DEPLOYMENT_TARGET = 11.3;
				MTL_ENABLE_DEBUG_INFO = YES;
				ONLY_ACTIVE_ARCH = YES;
				SDKROOT = iphoneos;
				SWIFT_ACTIVE_COMPILATION_CONDITIONS = DEBUG;
				SWIFT_OPTIMIZATION_LEVEL = "-Onone";
			};
			name = Debug;
		};
		A2440302221E66AD00AF210A /* Release */ = {
			isa = XCBuildConfiguration;
			buildSettings = {
				ALWAYS_SEARCH_USER_PATHS = NO;
				CLANG_ANALYZER_NONNULL = YES;
				CLANG_ANALYZER_NUMBER_OBJECT_CONVERSION = YES_AGGRESSIVE;
				CLANG_CXX_LANGUAGE_STANDARD = "gnu++14";
				CLANG_CXX_LIBRARY = "libc++";
				CLANG_ENABLE_MODULES = YES;
				CLANG_ENABLE_OBJC_ARC = YES;
				CLANG_ENABLE_OBJC_WEAK = YES;
				CLANG_WARN_BLOCK_CAPTURE_AUTORELEASING = YES;
				CLANG_WARN_BOOL_CONVERSION = YES;
				CLANG_WARN_COMMA = YES;
				CLANG_WARN_CONSTANT_CONVERSION = YES;
				CLANG_WARN_DEPRECATED_OBJC_IMPLEMENTATIONS = YES;
				CLANG_WARN_DIRECT_OBJC_ISA_USAGE = YES_ERROR;
				CLANG_WARN_DOCUMENTATION_COMMENTS = YES;
				CLANG_WARN_EMPTY_BODY = YES;
				CLANG_WARN_ENUM_CONVERSION = YES;
				CLANG_WARN_INFINITE_RECURSION = YES;
				CLANG_WARN_INT_CONVERSION = YES;
				CLANG_WARN_NON_LITERAL_NULL_CONVERSION = YES;
				CLANG_WARN_OBJC_IMPLICIT_RETAIN_SELF = YES;
				CLANG_WARN_OBJC_LITERAL_CONVERSION = YES;
				CLANG_WARN_OBJC_ROOT_CLASS = YES_ERROR;
				CLANG_WARN_RANGE_LOOP_ANALYSIS = YES;
				CLANG_WARN_STRICT_PROTOTYPES = YES;
				CLANG_WARN_SUSPICIOUS_MOVE = YES;
				CLANG_WARN_UNGUARDED_AVAILABILITY = YES_AGGRESSIVE;
				CLANG_WARN_UNREACHABLE_CODE = YES;
				CLANG_WARN__DUPLICATE_METHOD_MATCH = YES;
				CODE_SIGN_IDENTITY = "iPhone Developer";
				COPY_PHASE_STRIP = NO;
				DEBUG_INFORMATION_FORMAT = "dwarf-with-dsym";
				ENABLE_NS_ASSERTIONS = NO;
				ENABLE_STRICT_OBJC_MSGSEND = YES;
				GCC_C_LANGUAGE_STANDARD = gnu11;
				GCC_NO_COMMON_BLOCKS = YES;
				GCC_WARN_64_TO_32_BIT_CONVERSION = YES;
				GCC_WARN_ABOUT_RETURN_TYPE = YES_ERROR;
				GCC_WARN_UNDECLARED_SELECTOR = YES;
				GCC_WARN_UNINITIALIZED_AUTOS = YES_AGGRESSIVE;
				GCC_WARN_UNUSED_FUNCTION = YES;
				GCC_WARN_UNUSED_VARIABLE = YES;
				IPHONEOS_DEPLOYMENT_TARGET = 11.3;
				MTL_ENABLE_DEBUG_INFO = NO;
				SDKROOT = iphoneos;
				SWIFT_COMPILATION_MODE = wholemodule;
				SWIFT_OPTIMIZATION_LEVEL = "-O";
				VALIDATE_PRODUCT = YES;
			};
			name = Release;
		};
		A2440304221E66AD00AF210A /* Debug */ = {
			isa = XCBuildConfiguration;
			baseConfigurationReference = 6867CC3271496C47D39A92F7 /* Pods-20190211-NA-NYCSchools.debug.xcconfig */;
			buildSettings = {
				ASSETCATALOG_COMPILER_APPICON_NAME = AppIcon;
				CODE_SIGN_STYLE = Automatic;
				DEVELOPMENT_TEAM = 2E3Q9UZ7X2;
				INFOPLIST_FILE = "20190211-NA-NYCSchools/Info.plist";
				LD_RUNPATH_SEARCH_PATHS = (
					"$(inherited)",
					"@executable_path/Frameworks",
				);
				PRODUCT_BUNDLE_IDENTIFIER = "com.virtue.-0190211-NA-NYCSchools";
				PRODUCT_NAME = "$(TARGET_NAME)";
				SWIFT_VERSION = 4.0;
				TARGETED_DEVICE_FAMILY = "1,2";
			};
			name = Debug;
		};
		A2440305221E66AD00AF210A /* Release */ = {
			isa = XCBuildConfiguration;
			baseConfigurationReference = D5E2D23C882F6C11578A22C3 /* Pods-20190211-NA-NYCSchools.release.xcconfig */;
			buildSettings = {
				ASSETCATALOG_COMPILER_APPICON_NAME = AppIcon;
				CODE_SIGN_STYLE = Automatic;
				DEVELOPMENT_TEAM = 2E3Q9UZ7X2;
				INFOPLIST_FILE = "20190211-NA-NYCSchools/Info.plist";
				LD_RUNPATH_SEARCH_PATHS = (
					"$(inherited)",
					"@executable_path/Frameworks",
				);
				PRODUCT_BUNDLE_IDENTIFIER = "com.virtue.-0190211-NA-NYCSchools";
				PRODUCT_NAME = "$(TARGET_NAME)";
				SWIFT_VERSION = 4.0;
				TARGETED_DEVICE_FAMILY = "1,2";
			};
			name = Release;
		};
		A2440307221E66AD00AF210A /* Debug */ = {
			isa = XCBuildConfiguration;
			baseConfigurationReference = 3F5BAB79686C9480F23FB0A0 /* Pods-20190211-NA-NYCSchoolsTests.debug.xcconfig */;
			buildSettings = {
				ALWAYS_EMBED_SWIFT_STANDARD_LIBRARIES = YES;
				BUNDLE_LOADER = "$(TEST_HOST)";
				CODE_SIGN_STYLE = Automatic;
				INFOPLIST_FILE = "20190211-NA-NYCSchoolsTests/Info.plist";
				LD_RUNPATH_SEARCH_PATHS = (
					"$(inherited)",
					"@executable_path/Frameworks",
					"@loader_path/Frameworks",
				);
				PRODUCT_BUNDLE_IDENTIFIER = "com.virtue.-0190211-NA-NYCSchoolsTests";
				PRODUCT_NAME = "$(TARGET_NAME)";
				SWIFT_VERSION = 4.0;
				TARGETED_DEVICE_FAMILY = "1,2";
				TEST_HOST = "$(BUILT_PRODUCTS_DIR)/20190211-NA-NYCSchools.app/20190211-NA-NYCSchools";
			};
			name = Debug;
		};
		A2440308221E66AD00AF210A /* Release */ = {
			isa = XCBuildConfiguration;
			baseConfigurationReference = 7053C8CF4ABB921B14DACCE8 /* Pods-20190211-NA-NYCSchoolsTests.release.xcconfig */;
			buildSettings = {
				ALWAYS_EMBED_SWIFT_STANDARD_LIBRARIES = YES;
				BUNDLE_LOADER = "$(TEST_HOST)";
				CODE_SIGN_STYLE = Automatic;
				INFOPLIST_FILE = "20190211-NA-NYCSchoolsTests/Info.plist";
				LD_RUNPATH_SEARCH_PATHS = (
					"$(inherited)",
					"@executable_path/Frameworks",
					"@loader_path/Frameworks",
				);
				PRODUCT_BUNDLE_IDENTIFIER = "com.virtue.-0190211-NA-NYCSchoolsTests";
				PRODUCT_NAME = "$(TARGET_NAME)";
				SWIFT_VERSION = 4.0;
				TARGETED_DEVICE_FAMILY = "1,2";
				TEST_HOST = "$(BUILT_PRODUCTS_DIR)/20190211-NA-NYCSchools.app/20190211-NA-NYCSchools";
			};
			name = Release;
		};
		A244030A221E66AD00AF210A /* Debug */ = {
			isa = XCBuildConfiguration;
			baseConfigurationReference = 615BAB343B173E89AA28E35A /* Pods-20190211-NA-NYCSchoolsUITests.debug.xcconfig */;
			buildSettings = {
				ALWAYS_EMBED_SWIFT_STANDARD_LIBRARIES = YES;
				CODE_SIGN_STYLE = Automatic;
				INFOPLIST_FILE = "20190211-NA-NYCSchoolsUITests/Info.plist";
				LD_RUNPATH_SEARCH_PATHS = (
					"$(inherited)",
					"@executable_path/Frameworks",
					"@loader_path/Frameworks",
				);
				PRODUCT_BUNDLE_IDENTIFIER = "com.virtue.-0190211-NA-NYCSchoolsUITests";
				PRODUCT_NAME = "$(TARGET_NAME)";
				SWIFT_VERSION = 4.0;
				TARGETED_DEVICE_FAMILY = "1,2";
				TEST_TARGET_NAME = "20190211-NA-NYCSchools";
			};
			name = Debug;
		};
		A244030B221E66AD00AF210A /* Release */ = {
			isa = XCBuildConfiguration;
			baseConfigurationReference = 93ABBDDD00EC126C3AB65A82 /* Pods-20190211-NA-NYCSchoolsUITests.release.xcconfig */;
			buildSettings = {
				ALWAYS_EMBED_SWIFT_STANDARD_LIBRARIES = YES;
				CODE_SIGN_STYLE = Automatic;
				INFOPLIST_FILE = "20190211-NA-NYCSchoolsUITests/Info.plist";
				LD_RUNPATH_SEARCH_PATHS = (
					"$(inherited)",
					"@executable_path/Frameworks",
					"@loader_path/Frameworks",
				);
				PRODUCT_BUNDLE_IDENTIFIER = "com.virtue.-0190211-NA-NYCSchoolsUITests";
				PRODUCT_NAME = "$(TARGET_NAME)";
				SWIFT_VERSION = 4.0;
				TARGETED_DEVICE_FAMILY = "1,2";
				TEST_TARGET_NAME = "20190211-NA-NYCSchools";
			};
			name = Release;
		};
/* End XCBuildConfiguration section */

/* Begin XCConfigurationList section */
		A24402D6221E66AA00AF210A /* Build configuration list for PBXProject "20190211-NA-NYCSchools" */ = {
			isa = XCConfigurationList;
			buildConfigurations = (
				A2440301221E66AD00AF210A /* Debug */,
				A2440302221E66AD00AF210A /* Release */,
			);
			defaultConfigurationIsVisible = 0;
			defaultConfigurationName = Release;
		};
		A2440303221E66AD00AF210A /* Build configuration list for PBXNativeTarget "20190211-NA-NYCSchools" */ = {
			isa = XCConfigurationList;
			buildConfigurations = (
				A2440304221E66AD00AF210A /* Debug */,
				A2440305221E66AD00AF210A /* Release */,
			);
			defaultConfigurationIsVisible = 0;
			defaultConfigurationName = Release;
		};
		A2440306221E66AD00AF210A /* Build configuration list for PBXNativeTarget "20190211-NA-NYCSchoolsTests" */ = {
			isa = XCConfigurationList;
			buildConfigurations = (
				A2440307221E66AD00AF210A /* Debug */,
				A2440308221E66AD00AF210A /* Release */,
			);
			defaultConfigurationIsVisible = 0;
			defaultConfigurationName = Release;
		};
		A2440309221E66AD00AF210A /* Build configuration list for PBXNativeTarget "20190211-NA-NYCSchoolsUITests" */ = {
			isa = XCConfigurationList;
			buildConfigurations = (
				A244030A221E66AD00AF210A /* Debug */,
				A244030B221E66AD00AF210A /* Release */,
			);
			defaultConfigurationIsVisible = 0;
			defaultConfigurationName = Release;
		};
/* End XCConfigurationList section */
	};
	rootObject = A24402D3221E66AA00AF210A /* Project object */;
}
